
Microsoft Visual Studio Solution File, Format Version 12.00
# Visual Studio Version 16
VisualStudioVersion = 16.0.31005.135
MinimumVisualStudioVersion = 10.0.40219.1
Project("{9A19103F-16F7-4668-BE54-9A1E7A4F7556}") = "Filmhub", "Filmhub.csproj", "{5781F9A8-7967-42D7-A091-34D74AC16509}"
EndProject
Project("{FAE04EC0-301F-11D3-BF4B-00C04F79EFBC}") = "Array", "..\Array\Array.csproj", "{A61FCB42-044B-4EFE-B558-907ADF5BCE39}"
EndProject
Global
	GlobalSection(SolutionConfigurationPlatforms) = preSolution
		Debug|Any CPU = Debug|Any CPU
		Release|Any CPU = Release|Any CPU
	EndGlobalSection
	GlobalSection(ProjectConfigurationPlatforms) = postSolution
		{5781F9A8-7967-42D7-A091-34D74AC16509}.Debug|Any CPU.ActiveCfg = Debug|Any CPU
		{5781F9A8-7967-42D7-A091-34D74AC16509}.Debug|Any CPU.Build.0 = Debug|Any CPU
		{5781F9A8-7967-42D7-A091-34D74AC16509}.Release|Any CPU.ActiveCfg = Release|Any CPU
		{5781F9A8-7967-42D7-A091-34D74AC16509}.Release|Any CPU.Build.0 = Release|Any CPU
		{A61FCB42-044B-4EFE-B558-907ADF5BCE39}.Debug|Any CPU.ActiveCfg = Debug|Any CPU
		{A61FCB42-044B-4EFE-B558-907ADF5BCE39}.Debug|Any CPU.Build.0 = Debug|Any CPU
		{A61FCB42-044B-4EFE-B558-907ADF5BCE39}.Release|Any CPU.ActiveCfg = Release|Any CPU
		{A61FCB42-044B-4EFE-B558-907ADF5BCE39}.Release|Any CPU.Build.0 = Release|Any CPU
	EndGlobalSection
	GlobalSection(SolutionProperties) = preSolution
		HideSolutionNode = FALSE
	EndGlobalSection
	GlobalSection(ExtensibilityGlobals) = postSolution
		SolutionGuid = {BE516912-0507-4EFE-9E5D-C297CE339BCC}
	EndGlobalSection
EndGlobal
